
Microsoft Visual Studio Solution File, Format Version 12.00
# Visual Studio Version 17
VisualStudioVersion = 17.5.002.0
MinimumVisualStudioVersion = 10.0.40219.1
Project("{9A19103F-16F7-4668-BE54-9A1E7A4F7556}") = "Exerc-cioMaoDeTruco", "Exerc-cioMaoDeTruco.csproj", "{993993E3-6C41-4012-8D80-6CD855611299}"
EndProject
Global
	GlobalSection(SolutionConfigurationPlatforms) = preSolution
		Debug|Any CPU = Debug|Any CPU
		Release|Any CPU = Release|Any CPU
	EndGlobalSection
	GlobalSection(ProjectConfigurationPlatforms) = postSolution
		{993993E3-6C41-4012-8D80-6CD855611299}.Debug|Any CPU.ActiveCfg = Debug|Any CPU
		{993993E3-6C41-4012-8D80-6CD855611299}.Debug|Any CPU.Build.0 = Debug|Any CPU
		{993993E3-6C41-4012-8D80-6CD855611299}.Release|Any CPU.ActiveCfg = Release|Any CPU
		{993993E3-6C41-4012-8D80-6CD855611299}.Release|Any CPU.Build.0 = Release|Any CPU
	EndGlobalSection
	GlobalSection(SolutionProperties) = preSolution
		HideSolutionNode = FALSE
	EndGlobalSection
	GlobalSection(ExtensibilityGlobals) = postSolution
		SolutionGuid = {DF8CF401-8BAE-4DDB-B534-52D51124A458}
	EndGlobalSection
EndGlobal
